// !$*UTF8*$!
{
	archiveVersion = 1;
	classes = {
	};
	objectVersion = 77;
	objects = {

/* Begin PBXContainerItemProxy section */
		F13BF09B2D9A81A400B02A04 /* PBXContainerItemProxy */ = {
			isa = PBXContainerItemProxy;
			containerPortal = F13BF07C2D9A81A200B02A04 /* Project object */;
			proxyType = 1;
			remoteGlobalIDString = F13BF0832D9A81A200B02A04;
			remoteInfo = SpeechConverter;
		};
		F13BF0A52D9A81A400B02A04 /* PBXContainerItemProxy */ = {
			isa = PBXContainerItemProxy;
			containerPortal = F13BF07C2D9A81A200B02A04 /* Project object */;
			proxyType = 1;
			remoteGlobalIDString = F13BF0832D9A81A200B02A04;
			remoteInfo = SpeechConverter;
		};
/* End PBXContainerItemProxy section */

/* Begin PBXFileReference section */
		F13BF0842D9A81A200B02A04 /* SpeechConverter.app */ = {isa = PBXFileReference; explicitFileType = wrapper.application; includeInIndex = 0; path = SpeechConverter.app; sourceTree = BUILT_PRODUCTS_DIR; };
		F13BF09A2D9A81A400B02A04 /* SpeechConverterTests.xctest */ = {isa = PBXFileReference; explicitFileType = wrapper.cfbundle; includeInIndex = 0; path = SpeechConverterTests.xctest; sourceTree = BUILT_PRODUCTS_DIR; };
		F13BF0A42D9A81A400B02A04 /* SpeechConverterUITests.xctest */ = {isa = PBXFileReference; explicitFileType = wrapper.cfbundle; includeInIndex = 0; path = SpeechConverterUITests.xctest; sourceTree = BUILT_PRODUCTS_DIR; };
/* End PBXFileReference section */

/* Begin PBXFileSystemSynchronizedBuildFileExceptionSet section */
		F13BF0AC2D9A81A400B02A04 /* Exceptions for "SpeechConverter" folder in "SpeechConverter" target */ = {
			isa = PBXFileSystemSynchronizedBuildFileExceptionSet;
			membershipExceptions = (
				Info.plist,
			);
			target = F13BF0832D9A81A200B02A04 /* SpeechConverter */;
		};
/* End PBXFileSystemSynchronizedBuildFileExceptionSet section */

/* Begin PBXFileSystemSynchronizedRootGroup section */
		F13BF0862D9A81A200B02A04 /* SpeechConverter */ = {
			isa = PBXFileSystemSynchronizedRootGroup;
			exceptions = (
				F13BF0AC2D9A81A400B02A04 /* Exceptions for "SpeechConverter" folder in "SpeechConverter" target */,
			);
			path = SpeechConverter;
			sourceTree = "<group>";
		};
		F13BF09D2D9A81A400B02A04 /* SpeechConverterTests */ = {
			isa = PBXFileSystemSynchronizedRootGroup;
			path = SpeechConverterTests;
			sourceTree = "<group>";
		};
		F13BF0A72D9A81A400B02A04 /* SpeechConverterUITests */ = {
			isa = PBXFileSystemSynchronizedRootGroup;
			path = SpeechConverterUITests;
			sourceTree = "<group>";
		};
/* End PBXFileSystemSynchronizedRootGroup section */

/* Begin PBXFrameworksBuildPhase section */
		F13BF0812D9A81A200B02A04 /* Frameworks */ = {
			isa = PBXFrameworksBuildPhase;
			buildActionMask = 2147483647;
			files = (
			);
			runOnlyForDeploymentPostprocessing = 0;
		};
		F13BF0972D9A81A400B02A04 /* Frameworks */ = {
			isa = PBXFrameworksBuildPhase;
			buildActionMask = 2147483647;
			files = (
			);
			runOnlyForDeploymentPostprocessing = 0;
		};
		F13BF0A12D9A81A400B02A04 /* Frameworks */ = {
			isa = PBXFrameworksBuildPhase;
			buildActionMask = 2147483647;
			files = (
			);
			runOnlyForDeploymentPostprocessing = 0;
		};
/* End PBXFrameworksBuildPhase section */

/* Begin PBXGroup section */
		F13BF07B2D9A81A200B02A04 = {
			isa = PBXGroup;
			children = (
				F13BF0862D9A81A200B02A04 /* SpeechConverter */,
				F13BF09D2D9A81A400B02A04 /* SpeechConverterTests */,
				F13BF0A72D9A81A400B02A04 /* SpeechConverterUITests */,
				F13BF0852D9A81A200B02A04 /* Products */,
			);
			sourceTree = "<group>";
		};
		F13BF0852D9A81A200B02A04 /* Products */ = {
			isa = PBXGroup;
			children = (
				F13BF0842D9A81A200B02A04 /* SpeechConverter.app */,
				F13BF09A2D9A81A400B02A04 /* SpeechConverterTests.xctest */,
				F13BF0A42D9A81A400B02A04 /* SpeechConverterUITests.xctest */,
			);
			name = Products;
			sourceTree = "<group>";
		};
/* End PBXGroup section */

/* Begin PBXNativeTarget section */
		F13BF0832D9A81A200B02A04 /* SpeechConverter */ = {
			isa = PBXNativeTarget;
			buildConfigurationList = F13BF0AD2D9A81A400B02A04 /* Build configuration list for PBXNativeTarget "SpeechConverter" */;
			buildPhases = (
				F13BF0802D9A81A200B02A04 /* Sources */,
				F13BF0812D9A81A200B02A04 /* Frameworks */,
				F13BF0822D9A81A200B02A04 /* Resources */,
			);
			buildRules = (
			);
			dependencies = (
			);
			fileSystemSynchronizedGroups = (
				F13BF0862D9A81A200B02A04 /* SpeechConverter */,
			);
			name = SpeechConverter;
			packageProductDependencies = (
			);
			productName = SpeechConverter;
			productReference = F13BF0842D9A81A200B02A04 /* SpeechConverter.app */;
			productType = "com.apple.product-type.application";
		};
		F13BF0992D9A81A400B02A04 /* SpeechConverterTests */ = {
			isa = PBXNativeTarget;
			buildConfigurationList = F13BF0B22D9A81A400B02A04 /* Build configuration list for PBXNativeTarget "SpeechConverterTests" */;
			buildPhases = (
				F13BF0962D9A81A400B02A04 /* Sources */,
				F13BF0972D9A81A400B02A04 /* Frameworks */,
				F13BF0982D9A81A400B02A04 /* Resources */,
			);
			buildRules = (
			);
			dependencies = (
				F13BF09C2D9A81A400B02A04 /* PBXTargetDependency */,
			);
			fileSystemSynchronizedGroups = (
				F13BF09D2D9A81A400B02A04 /* SpeechConverterTests */,
			);
			name = SpeechConverterTests;
			packageProductDependencies = (
			);
			productName = SpeechConverterTests;
			productReference = F13BF09A2D9A81A400B02A04 /* SpeechConverterTests.xctest */;
			productType = "com.apple.product-type.bundle.unit-test";
		};
		F13BF0A32D9A81A400B02A04 /* SpeechConverterUITests */ = {
			isa = PBXNativeTarget;
			buildConfigurationList = F13BF0B52D9A81A400B02A04 /* Build configuration list for PBXNativeTarget "SpeechConverterUITests" */;
			buildPhases = (
				F13BF0A02D9A81A400B02A04 /* Sources */,
				F13BF0A12D9A81A400B02A04 /* Frameworks */,
				F13BF0A22D9A81A400B02A04 /* Resources */,
			);
			buildRules = (
			);
			dependencies = (
				F13BF0A62D9A81A400B02A04 /* PBXTargetDependency */,
			);
			fileSystemSynchronizedGroups = (
				F13BF0A72D9A81A400B02A04 /* SpeechConverterUITests */,
			);
			name = SpeechConverterUITests;
			packageProductDependencies = (
			);
			productName = SpeechConverterUITests;
			productReference = F13BF0A42D9A81A400B02A04 /* SpeechConverterUITests.xctest */;
			productType = "com.apple.product-type.bundle.ui-testing";
		};
/* End PBXNativeTarget section */

/* Begin PBXProject section */
		F13BF07C2D9A81A200B02A04 /* Project object */ = {
			isa = PBXProject;
			attributes = {
				BuildIndependentTargetsInParallel = 1;
				LastSwiftUpdateCheck = 1620;
				LastUpgradeCheck = 1620;
				TargetAttributes = {
					F13BF0832D9A81A200B02A04 = {
						CreatedOnToolsVersion = 16.2;
					};
					F13BF0992D9A81A400B02A04 = {
						CreatedOnToolsVersion = 16.2;
						TestTargetID = F13BF0832D9A81A200B02A04;
					};
					F13BF0A32D9A81A400B02A04 = {
						CreatedOnToolsVersion = 16.2;
						TestTargetID = F13BF0832D9A81A200B02A04;
					};
				};
			};
			buildConfigurationList = F13BF07F2D9A81A200B02A04 /* Build configuration list for PBXProject "SpeechConverter" */;
			developmentRegion = en;
			hasScannedForEncodings = 0;
			knownRegions = (
				en,
				Base,
			);
			mainGroup = F13BF07B2D9A81A200B02A04;
			minimizedProjectReferenceProxies = 1;
			preferredProjectObjectVersion = 77;
			productRefGroup = F13BF0852D9A81A200B02A04 /* Products */;
			projectDirPath = "";
			projectRoot = "";
			targets = (
				F13BF0832D9A81A200B02A04 /* SpeechConverter */,
				F13BF0992D9A81A400B02A04 /* SpeechConverterTests */,
				F13BF0A32D9A81A400B02A04 /* SpeechConverterUITests */,
			);
		};
/* End PBXProject section */

/* Begin PBXResourcesBuildPhase section */
		F13BF0822D9A81A200B02A04 /* Resources */ = {
			isa = PBXResourcesBuildPhase;
			buildActionMask = 2147483647;
			files = (
			);
			runOnlyForDeploymentPostprocessing = 0;
		};
		F13BF0982D9A81A400B02A04 /* Resources */ = {
			isa = PBXResourcesBuildPhase;
			buildActionMask = 2147483647;
			files = (
			);
			runOnlyForDeploymentPostprocessing = 0;
		};
		F13BF0A22D9A81A400B02A04 /* Resources */ = {
			isa = PBXResourcesBuildPhase;
			buildActionMask = 2147483647;
			files = (
			);
			runOnlyForDeploymentPostprocessing = 0;
		};
/* End PBXResourcesBuildPhase section */

/* Begin PBXSourcesBuildPhase section */
		F13BF0802D9A81A200B02A04 /* Sources */ = {
			isa = PBXSourcesBuildPhase;
			buildActionMask = 2147483647;
			files = (
			);
			runOnlyForDeploymentPostprocessing = 0;
		};
		F13BF0962D9A81A400B02A04 /* Sources */ = {
			isa = PBXSourcesBuildPhase;
			buildActionMask = 2147483647;
			files = (
			);
			runOnlyForDeploymentPostprocessing = 0;
		};
		F13BF0A02D9A81A400B02A04 /* Sources */ = {
			isa = PBXSourcesBuildPhase;
			buildActionMask = 2147483647;
			files = (
			);
			runOnlyForDeploymentPostprocessing = 0;
		};
/* End PBXSourcesBuildPhase section */

/* Begin PBXTargetDependency section */
		F13BF09C2D9A81A400B02A04 /* PBXTargetDependency */ = {
			isa = PBXTargetDependency;
			target = F13BF0832D9A81A200B02A04 /* SpeechConverter */;
			targetProxy = F13BF09B2D9A81A400B02A04 /* PBXContainerItemProxy */;
		};
		F13BF0A62D9A81A400B02A04 /* PBXTargetDependency */ = {
			isa = PBXTargetDependency;
			target = F13BF0832D9A81A200B02A04 /* SpeechConverter */;
			targetProxy = F13BF0A52D9A81A400B02A04 /* PBXContainerItemProxy */;
		};
/* End PBXTargetDependency section */

/* Begin XCBuildConfiguration section */
		F13BF0AE2D9A81A400B02A04 /* Debug */ = {
			isa = XCBuildConfiguration;
			baseConfigurationReferenceAnchor = F13BF0862D9A81A200B02A04 /* SpeechConverter */;
			baseConfigurationReferenceRelativePath = Config.xcconfig;
			buildSettings = {
				ASSETCATALOG_COMPILER_APPICON_NAME = AppIcon;
				ASSETCATALOG_COMPILER_GLOBAL_ACCENT_COLOR_NAME = AccentColor;
				CODE_SIGN_STYLE = Automatic;
				CURRENT_PROJECT_VERSION = 1;
				DEVELOPMENT_TEAM = CKVYZW2R32;
				GENERATE_INFOPLIST_FILE = YES;
				INFOPLIST_FILE = SpeechConverter/Info.plist;
				INFOPLIST_KEY_CFBundleDisplayName = AIChat;
				INFOPLIST_KEY_NSMicrophoneUsageDescription = "Request access to microphone for speech input";
				INFOPLIST_KEY_NSSpeechRecognitionUsageDescription = "We need speech recognition to understand your voice requests";
				INFOPLIST_KEY_UIApplicationSupportsIndirectInputEvents = YES;
				INFOPLIST_KEY_UILaunchStoryboardName = LaunchScreen;
				INFOPLIST_KEY_UIMainStoryboardFile = Main;
				INFOPLIST_KEY_UISupportedInterfaceOrientations_iPad = "UIInterfaceOrientationPortrait UIInterfaceOrientationPortraitUpsideDown UIInterfaceOrientationLandscapeLeft UIInterfaceOrientationLandscapeRight";
				INFOPLIST_KEY_UISupportedInterfaceOrientations_iPhone = "UIInterfaceOrientationPortrait UIInterfaceOrientationLandscapeLeft UIInterfaceOrientationLandscapeRight";
				LD_RUNPATH_SEARCH_PATHS = (
					"$(inherited)",
					"@executable_path/Frameworks",
				);
				MARKETING_VERSION = 1.0;
				PRODUCT_BUNDLE_IDENTIFIER = com.personal.speechToText;
				PRODUCT_NAME = "$(TARGET_NAME)";
				SWIFT_EMIT_LOC_STRINGS = YES;
				SWIFT_VERSION = 5.0;
				TARGETED_DEVICE_FAMILY = "1,2";
			};
			name = Debug;
		};
		F13BF0AF2D9A81A400B02A04 /* Release */ = {
			isa = XCBuildConfiguration;
			baseConfigurationReferenceAnchor = F13BF0862D9A81A200B02A04 /* SpeechConverter */;
			baseConfigurationReferenceRelativePath = Config.xcconfig;
			buildSettings = {
				ASSETCATALOG_COMPILER_APPICON_NAME = AppIcon;
				ASSETCATALOG_COMPILER_GLOBAL_ACCENT_COLOR_NAME = AccentColor;
				CODE_SIGN_STYLE = Automatic;
				CURRENT_PROJECT_VERSION = 1;
				DEVELOPMENT_TEAM = CKVYZW2R32;
				GENERATE_INFOPLIST_FILE = YES;
				INFOPLIST_FILE = SpeechConverter/Info.plist;
				INFOPLIST_KEY_CFBundleDisplayName = AIChat;
				INFOPLIST_KEY_NSMicrophoneUsageDescription = "Request access to microphone for speech input";
				INFOPLIST_KEY_NSSpeechRecognitionUsageDescription = "We need speech recognition to understand your voice requests";
				INFOPLIST_KEY_UIApplicationSupportsIndirectInputEvents = YES;
				INFOPLIST_KEY_UILaunchStoryboardName = LaunchScreen;
				INFOPLIST_KEY_UIMainStoryboardFile = Main;
				INFOPLIST_KEY_UISupportedInterfaceOrientations_iPad = "UIInterfaceOrientationPortrait UIInterfaceOrientationPortraitUpsideDown UIInterfaceOrientationLandscapeLeft UIInterfaceOrientationLandscapeRight";
				INFOPLIST_KEY_UISupportedInterfaceOrientations_iPhone = "UIInterfaceOrientationPortrait UIInterfaceOrientationLandscapeLeft UIInterfaceOrientationLandscapeRight";
				LD_RUNPATH_SEARCH_PATHS = (
					"$(inherited)",
					"@executable_path/Frameworks",
				);
				MARKETING_VERSION = 1.0;
				PRODUCT_BUNDLE_IDENTIFIER = com.personal.speechToText;
				PRODUCT_NAME = "$(TARGET_NAME)";
				SWIFT_EMIT_LOC_STRINGS = YES;
				SWIFT_VERSION = 5.0;
				TARGETED_DEVICE_FAMILY = "1,2";
			};
			name = Release;
		};
		F13BF0B02D9A81A400B02A04 /* Debug */ = {
			isa = XCBuildConfiguration;
			baseConfigurationReferenceAnchor = F13BF0862D9A81A200B02A04 /* SpeechConverter */;
			baseConfigurationReferenceRelativePath = Config.xcconfig;
			buildSettings = {
				ALWAYS_SEARCH_USER_PATHS = NO;
				ASSETCATALOG_COMPILER_GENERATE_SWIFT_ASSET_SYMBOL_EXTENSIONS = YES;
				CLANG_ANALYZER_NONNULL = YES;
				CLANG_ANALYZER_NUMBER_OBJECT_CONVERSION = YES_AGGRESSIVE;
				CLANG_CXX_LANGUAGE_STANDARD = "gnu++20";
				CLANG_ENABLE_MODULES = YES;
				CLANG_ENABLE_OBJC_ARC = YES;
				CLANG_ENABLE_OBJC_WEAK = YES;
				CLANG_WARN_BLOCK_CAPTURE_AUTORELEASING = YES;
				CLANG_WARN_BOOL_CONVERSION = YES;
				CLANG_WARN_COMMA = YES;
				CLANG_WARN_CONSTANT_CONVERSION = YES;
				CLANG_WARN_DEPRECATED_OBJC_IMPLEMENTATIONS = YES;
				CLANG_WARN_DIRECT_OBJC_ISA_USAGE = YES_ERROR;
				CLANG_WARN_DOCUMENTATION_COMMENTS = YES;
				CLANG_WARN_EMPTY_BODY = YES;
				CLANG_WARN_ENUM_CONVERSION = YES;
				CLANG_WARN_INFINITE_RECURSION = YES;
				CLANG_WARN_INT_CONVERSION = YES;
				CLANG_WARN_NON_LITERAL_NULL_CONVERSION = YES;
				CLANG_WARN_OBJC_IMPLICIT_RETAIN_SELF = YES;
				CLANG_WARN_OBJC_LITERAL_CONVERSION = YES;
				CLANG_WARN_OBJC_ROOT_CLASS = YES_ERROR;
				CLANG_WARN_QUOTED_INCLUDE_IN_FRAMEWORK_HEADER = YES;
				CLANG_WARN_RANGE_LOOP_ANALYSIS = YES;
				CLANG_WARN_STRICT_PROTOTYPES = YES;
				CLANG_WARN_SUSPICIOUS_MOVE = YES;
				CLANG_WARN_UNGUARDED_AVAILABILITY = YES_AGGRESSIVE;
				CLANG_WARN_UNREACHABLE_CODE = YES;
				CLANG_WARN__DUPLICATE_METHOD_MATCH = YES;
				COPY_PHASE_STRIP = NO;
				DEBUG_INFORMATION_FORMAT = dwarf;
				ENABLE_STRICT_OBJC_MSGSEND = YES;
				ENABLE_TESTABILITY = YES;
				ENABLE_USER_SCRIPT_SANDBOXING = YES;
				GCC_C_LANGUAGE_STANDARD = gnu17;
				GCC_DYNAMIC_NO_PIC = NO;
				GCC_NO_COMMON_BLOCKS = YES;
				GCC_OPTIMIZATION_LEVEL = 0;
				GCC_PREPROCESSOR_DEFINITIONS = (
					"DEBUG=1",
					"$(inherited)",
				);
				GCC_WARN_64_TO_32_BIT_CONVERSION = YES;
				GCC_WARN_ABOUT_RETURN_TYPE = YES_ERROR;
				GCC_WARN_UNDECLARED_SELECTOR = YES;
				GCC_WARN_UNINITIALIZED_AUTOS = YES_AGGRESSIVE;
				GCC_WARN_UNUSED_FUNCTION = YES;
				GCC_WARN_UNUSED_VARIABLE = YES;
				IPHONEOS_DEPLOYMENT_TARGET = 18.2;
				LOCALIZATION_PREFERS_STRING_CATALOGS = YES;
				MTL_ENABLE_DEBUG_INFO = INCLUDE_SOURCE;
				MTL_FAST_MATH = YES;
				ONLY_ACTIVE_ARCH = YES;
				SDKROOT = iphoneos;
				SWIFT_ACTIVE_COMPILATION_CONDITIONS = "DEBUG $(inherited)";
				SWIFT_OPTIMIZATION_LEVEL = "-Onone";
			};
			name = Debug;
		};
		F13BF0B12D9A81A400B02A04 /* Release */ = {
			isa = XCBuildConfiguration;
			baseConfigurationReferenceAnchor = F13BF0862D9A81A200B02A04 /* SpeechConverter */;
			baseConfigurationReferenceRelativePath = Config.xcconfig;
			buildSettings = {
				ALWAYS_SEARCH_USER_PATHS = NO;
				ASSETCATALOG_COMPILER_GENERATE_SWIFT_ASSET_SYMBOL_EXTENSIONS = YES;
				CLANG_ANALYZER_NONNULL = YES;
				CLANG_ANALYZER_NUMBER_OBJECT_CONVERSION = YES_AGGRESSIVE;
				CLANG_CXX_LANGUAGE_STANDARD = "gnu++20";
				CLANG_ENABLE_MODULES = YES;
				CLANG_ENABLE_OBJC_ARC = YES;
				CLANG_ENABLE_OBJC_WEAK = YES;
				CLANG_WARN_BLOCK_CAPTURE_AUTORELEASING = YES;
				CLANG_WARN_BOOL_CONVERSION = YES;
				CLANG_WARN_COMMA = YES;
				CLANG_WARN_CONSTANT_CONVERSION = YES;
				CLANG_WARN_DEPRECATED_OBJC_IMPLEMENTATIONS = YES;
				CLANG_WARN_DIRECT_OBJC_ISA_USAGE = YES_ERROR;
				CLANG_WARN_DOCUMENTATION_COMMENTS = YES;
				CLANG_WARN_EMPTY_BODY = YES;
				CLANG_WARN_ENUM_CONVERSION = YES;
				CLANG_WARN_INFINITE_RECURSION = YES;
				CLANG_WARN_INT_CONVERSION = YES;
				CLANG_WARN_NON_LITERAL_NULL_CONVERSION = YES;
				CLANG_WARN_OBJC_IMPLICIT_RETAIN_SELF = YES;
				CLANG_WARN_OBJC_LITERAL_CONVERSION = YES;
				CLANG_WARN_OBJC_ROOT_CLASS = YES_ERROR;
				CLANG_WARN_QUOTED_INCLUDE_IN_FRAMEWORK_HEADER = YES;
				CLANG_WARN_RANGE_LOOP_ANALYSIS = YES;
				CLANG_WARN_STRICT_PROTOTYPES = YES;
				CLANG_WARN_SUSPICIOUS_MOVE = YES;
				CLANG_WARN_UNGUARDED_AVAILABILITY = YES_AGGRESSIVE;
				CLANG_WARN_UNREACHABLE_CODE = YES;
				CLANG_WARN__DUPLICATE_METHOD_MATCH = YES;
				COPY_PHASE_STRIP = NO;
				DEBUG_INFORMATION_FORMAT = "dwarf-with-dsym";
				ENABLE_NS_ASSERTIONS = NO;
				ENABLE_STRICT_OBJC_MSGSEND = YES;
				ENABLE_USER_SCRIPT_SANDBOXING = YES;
				GCC_C_LANGUAGE_STANDARD = gnu17;
				GCC_NO_COMMON_BLOCKS = YES;
				GCC_WARN_64_TO_32_BIT_CONVERSION = YES;
				GCC_WARN_ABOUT_RETURN_TYPE = YES_ERROR;
				GCC_WARN_UNDECLARED_SELECTOR = YES;
				GCC_WARN_UNINITIALIZED_AUTOS = YES_AGGRESSIVE;
				GCC_WARN_UNUSED_FUNCTION = YES;
				GCC_WARN_UNUSED_VARIABLE = YES;
				IPHONEOS_DEPLOYMENT_TARGET = 18.2;
				LOCALIZATION_PREFERS_STRING_CATALOGS = YES;
				MTL_ENABLE_DEBUG_INFO = NO;
				MTL_FAST_MATH = YES;
				SDKROOT = iphoneos;
				SWIFT_COMPILATION_MODE = wholemodule;
				VALIDATE_PRODUCT = YES;
			};
			name = Release;
		};
		F13BF0B32D9A81A400B02A04 /* Debug */ = {
			isa = XCBuildConfiguration;
			baseConfigurationReferenceAnchor = F13BF0862D9A81A200B02A04 /* SpeechConverter */;
			baseConfigurationReferenceRelativePath = Config.xcconfig;
			buildSettings = {
				BUNDLE_LOADER = "$(TEST_HOST)";
				CODE_SIGN_STYLE = Automatic;
				CURRENT_PROJECT_VERSION = 1;
				GENERATE_INFOPLIST_FILE = YES;
				IPHONEOS_DEPLOYMENT_TARGET = 18.2;
				MARKETING_VERSION = 1.0;
				PRODUCT_BUNDLE_IDENTIFIER = Personal.SpeechConverterTests;
				PRODUCT_NAME = "$(TARGET_NAME)";
				SWIFT_EMIT_LOC_STRINGS = NO;
				SWIFT_VERSION = 5.0;
				TARGETED_DEVICE_FAMILY = "1,2";
				TEST_HOST = "$(BUILT_PRODUCTS_DIR)/SpeechConverter.app/$(BUNDLE_EXECUTABLE_FOLDER_PATH)/SpeechConverter";
			};
			name = Debug;
		};
		F13BF0B42D9A81A400B02A04 /* Release */ = {
			isa = XCBuildConfiguration;
			baseConfigurationReferenceAnchor = F13BF0862D9A81A200B02A04 /* SpeechConverter */;
			baseConfigurationReferenceRelativePath = Config.xcconfig;
			buildSettings = {
				BUNDLE_LOADER = "$(TEST_HOST)";
				CODE_SIGN_STYLE = Automatic;
				CURRENT_PROJECT_VERSION = 1;
				GENERATE_INFOPLIST_FILE = YES;
				IPHONEOS_DEPLOYMENT_TARGET = 18.2;
				MARKETING_VERSION = 1.0;
				PRODUCT_BUNDLE_IDENTIFIER = Personal.SpeechConverterTests;
				PRODUCT_NAME = "$(TARGET_NAME)";
				SWIFT_EMIT_LOC_STRINGS = NO;
				SWIFT_VERSION = 5.0;
				TARGETED_DEVICE_FAMILY = "1,2";
				TEST_HOST = "$(BUILT_PRODUCTS_DIR)/SpeechConverter.app/$(BUNDLE_EXECUTABLE_FOLDER_PATH)/SpeechConverter";
			};
			name = Release;
		};
		F13BF0B62D9A81A400B02A04 /* Debug */ = {
			isa = XCBuildConfiguration;
			baseConfigurationReferenceAnchor = F13BF0862D9A81A200B02A04 /* SpeechConverter */;
			baseConfigurationReferenceRelativePath = Config.xcconfig;
			buildSettings = {
				CODE_SIGN_STYLE = Automatic;
				CURRENT_PROJECT_VERSION = 1;
				GENERATE_INFOPLIST_FILE = YES;
				MARKETING_VERSION = 1.0;
				PRODUCT_BUNDLE_IDENTIFIER = Personal.SpeechConverterUITests;
				PRODUCT_NAME = "$(TARGET_NAME)";
				SWIFT_EMIT_LOC_STRINGS = NO;
				SWIFT_VERSION = 5.0;
				TARGETED_DEVICE_FAMILY = "1,2";
				TEST_TARGET_NAME = SpeechConverter;
			};
			name = Debug;
		};
		F13BF0B72D9A81A400B02A04 /* Release */ = {
			isa = XCBuildConfiguration;
			baseConfigurationReferenceAnchor = F13BF0862D9A81A200B02A04 /* SpeechConverter */;
			baseConfigurationReferenceRelativePath = Config.xcconfig;
			buildSettings = {
				CODE_SIGN_STYLE = Automatic;
				CURRENT_PROJECT_VERSION = 1;
				GENERATE_INFOPLIST_FILE = YES;
				MARKETING_VERSION = 1.0;
				PRODUCT_BUNDLE_IDENTIFIER = Personal.SpeechConverterUITests;
				PRODUCT_NAME = "$(TARGET_NAME)";
				SWIFT_EMIT_LOC_STRINGS = NO;
				SWIFT_VERSION = 5.0;
				TARGETED_DEVICE_FAMILY = "1,2";
				TEST_TARGET_NAME = SpeechConverter;
			};
			name = Release;
		};
/* End XCBuildConfiguration section */

/* Begin XCConfigurationList section */
		F13BF07F2D9A81A200B02A04 /* Build configuration list for PBXProject "SpeechConverter" */ = {
			isa = XCConfigurationList;
			buildConfigurations = (
				F13BF0B02D9A81A400B02A04 /* Debug */,
				F13BF0B12D9A81A400B02A04 /* Release */,
			);
			defaultConfigurationIsVisible = 0;
			defaultConfigurationName = Release;
		};
		F13BF0AD2D9A81A400B02A04 /* Build configuration list for PBXNativeTarget "SpeechConverter" */ = {
			isa = XCConfigurationList;
			buildConfigurations = (
				F13BF0AE2D9A81A400B02A04 /* Debug */,
				F13BF0AF2D9A81A400B02A04 /* Release */,
			);
			defaultConfigurationIsVisible = 0;
			defaultConfigurationName = Release;
		};
		F13BF0B22D9A81A400B02A04 /* Build configuration list for PBXNativeTarget "SpeechConverterTests" */ = {
			isa = XCConfigurationList;
			buildConfigurations = (
				F13BF0B32D9A81A400B02A04 /* Debug */,
				F13BF0B42D9A81A400B02A04 /* Release */,
			);
			defaultConfigurationIsVisible = 0;
			defaultConfigurationName = Release;
		};
		F13BF0B52D9A81A400B02A04 /* Build configuration list for PBXNativeTarget "SpeechConverterUITests" */ = {
			isa = XCConfigurationList;
			buildConfigurations = (
				F13BF0B62D9A81A400B02A04 /* Debug */,
				F13BF0B72D9A81A400B02A04 /* Release */,
			);
			defaultConfigurationIsVisible = 0;
			defaultConfigurationName = Release;
		};
/* End XCConfigurationList section */
	};
	rootObject = F13BF07C2D9A81A200B02A04 /* Project object */;
}
